{
  "nodes": {
    "ds4": {
      "inputs": {
        "flake-utils": "flake-utils",
        "nixpkgs": [
          "nixpkgs"
        ]
      },
      "locked": {
        "lastModified": 1789246855,
        "narHash": "sha256-nUu7PvPlWK8mPeVOejlUUqhDUyWyU9t9bKcPvmtTT0c=",
        "owner": "carlzulauf",
        "repo": "ds4.nix",
        "rev": "cccc99694bfa3a56f5deecd59e753d51b35f8857",
        "type": "github"
      },
      "original": {
        "owner": "carlzulauf",
        "repo": "ds4.nix",
        "type": "github"
      }
    },
    "flake-utils": {
      "inputs": {
        "systems": "systems"
      },
      "locked": {
        "lastModified": 1731533236,
        "narHash": "sha256-l0KFg5HjrsfsO/JpG+r7fRrqm12kzFHyUHqHCVpMMbI=",
        "owner": "numtide",
        "repo": "flake-utils",
        "rev": "11707dc2f618dd54ca8739b309ec4fc024de578b",
        "type": "github"
      },
      "original": {
        "owner": "numtide",
        "repo": "flake-utils",
        "type": "github"
      }
    },
    "nixos-hardware": {
      "inputs": {
        "nixpkgs": [
          "nixpkgs"
        ]
      },
      "locked": {
        "lastModified": 1791373788,
        "narHash": "sha256-c3oMt0QoE+4yiRk6u1m2L9ogjaUw0uTGn9yk808KkgE=",
        "owner": "NixOS",
        "repo": "nixos-hardware",
        "rev": "4bc63156b109ee7b4103e3ec30565c8c92bde435",
        "type": "github"
      },
      "original": {
        "owner": "NixOS",
        "ref": "master",
        "repo": "nixos-hardware",
        "type": "github"
      }
    },
    "nixpkgs": {
      "locked": {
        "lastModified": 1791456040,
        "narHash": "sha256-H83yz/do+hjOO0uujHyH8RgtIQP2v7Mw+cLwcZK/xKc=",
        "owner": "NixOS",
        "repo": "nixpkgs",
        "rev": "e7439b6b14ad3cc35d05608ebca9bce01a25f5f8",
        "type": "github"
      },
      "original": {
        "owner": "NixOS",
        "ref": "nixos-unstable",
        "repo": "nixpkgs",
        "type": "github"
      }
    },
    "nixpkgs-master": {
      "locked": {
        "lastModified": 1791663520,
        "narHash": "sha256-LTRgaCCRFFonVC0MZ5/2bEQW279R2P26J0+RfGTlbWM=",
        "owner": "NixOS",
        "repo": "nixpkgs",
        "rev": "3935c1319464341ae90e17e67259ce4c8b0c46a8",
        "type": "github"
      },
      "original": {
        "owner": "NixOS",
        "ref": "master",
        "repo": "nixpkgs",
        "type": "github"
      }
    },
    "puma-dev": {
      "inputs": {
        "flake-utils": [
          "ds4",
          "flake-utils"
        ],
        "nixpkgs": [
          "nixpkgs"
        ]
      },
      "locked": {
        "lastModified": 1777246563,
        "narHash": "sha256-x79Dl94W2DzCArVA51AHE70oD6ZJGYe9G5bVJOtTyu4=",
        "owner": "carlzulauf",
        "repo": "puma-dev-flake",
        "rev": "5ba545ab26d12980974539d03456d571c15b0f44",
        "type": "github"
      },
      "original": {
        "owner": "carlzulauf",
        "repo": "puma-dev-flake",
        "type": "github"
      }
    },
    "root": {
      "inputs": {
        "ds4": "ds4",
        "nixos-hardware": "nixos-hardware",
        "nixpkgs": "nixpkgs",
        "nixpkgs-master": "nixpkgs-master",
        "puma-dev": "puma-dev"
      }
    },
    "systems": {
      "locked": {
        "lastModified": 1681028828,
        "narHash": "sha256-Vy1rq5AaRuLzOxct8nz4T6wlgyUR7zLU309k9mBC768=",
        "owner": "nix-systems",
        "repo": "default",
        "rev": "da67096a3b9bf56a91d16901293e51ba5b49a27e",
        "type": "github"
      },
      "original": {
        "owner": "nix-systems",
        "repo": "default",
        "type": "github"
      }
    }
  },
  "root": "root",
  "version": 7
}
